// !$*UTF8*$!
{
	archiveVersion = 1;
	classes = {
	};
	objectVersion = 55;
	objects = {

/* Begin PBXBuildFile section */
		0018C7BE28B7BA2E18E3C003 /* Pods_FIT3178_Assignment.framework in Frameworks */ = {isa = PBXBuildFile; fileRef = 8A7D861210ADAE7B7C0233D6 /* Pods_FIT3178_Assignment.framework */; };
		CA0253F828331E3F00852649 /* App-DataModel.xcdatamodeld in Sources */ = {isa = PBXBuildFile; fileRef = CA0253F628331E3F00852649 /* App-DataModel.xcdatamodeld */; };
		CA0A710C2840A40B00B91C58 /* UserStatsViewController.swift in Sources */ = {isa = PBXBuildFile; fileRef = CA0A710B2840A40B00B91C58 /* UserStatsViewController.swift */; };
		CA0A710E2840AA3A00B91C58 /* CategoryComparisonViewController.swift in Sources */ = {isa = PBXBuildFile; fileRef = CA0A710D2840AA3A00B91C58 /* CategoryComparisonViewController.swift */; };
		CA0F15A0284DF2B700394F15 /* Month+CoreDataClass.swift in Sources */ = {isa = PBXBuildFile; fileRef = CA0F159E284DF2B700394F15 /* Month+CoreDataClass.swift */; };
		CA0F15A1284DF2B700394F15 /* Month+CoreDataProperties.swift in Sources */ = {isa = PBXBuildFile; fileRef = CA0F159F284DF2B700394F15 /* Month+CoreDataProperties.swift */; };
		CA109EF62834DE8A00A8ACFE /* Spending+CoreDataClass.swift in Sources */ = {isa = PBXBuildFile; fileRef = CA109EF42834DE8A00A8ACFE /* Spending+CoreDataClass.swift */; };
		CA109EF72834DE8A00A8ACFE /* Spending+CoreDataProperties.swift in Sources */ = {isa = PBXBuildFile; fileRef = CA109EF52834DE8A00A8ACFE /* Spending+CoreDataProperties.swift */; };
		CA2172732823D14E000A520B /* AddSpendingDelegate.swift in Sources */ = {isa = PBXBuildFile; fileRef = CA2172722823D14E000A520B /* AddSpendingDelegate.swift */; };
		CA2383FC2833B0FF00EFA840 /* MulticastDelegate.swift in Sources */ = {isa = PBXBuildFile; fileRef = CA2383FB2833B0FF00EFA840 /* MulticastDelegate.swift */; };
		CA2383FE2833B12B00EFA840 /* DatabaseProtocol.swift in Sources */ = {isa = PBXBuildFile; fileRef = CA2383FD2833B12B00EFA840 /* DatabaseProtocol.swift */; };
		CA2384002833B27200EFA840 /* CoreDataController.swift in Sources */ = {isa = PBXBuildFile; fileRef = CA2383FF2833B27200EFA840 /* CoreDataController.swift */; };
		CA29E0B72836595F00B0F4F5 /* SettingsViewController.swift in Sources */ = {isa = PBXBuildFile; fileRef = CA29E0B62836595F00B0F4F5 /* SettingsViewController.swift */; };
		CA30A86B2850B42C00361A38 /* BarChartFormatter.swift in Sources */ = {isa = PBXBuildFile; fileRef = CA30A86A2850B42C00361A38 /* BarChartFormatter.swift */; };
		CA43CAE22824323C00DDAC11 /* SpendingCountTableViewCell.swift in Sources */ = {isa = PBXBuildFile; fileRef = CA43CAE12824323C00DDAC11 /* SpendingCountTableViewCell.swift */; };
		CA4CB5B9281AEF4600DF04C5 /* HomeViewController.swift in Sources */ = {isa = PBXBuildFile; fileRef = CA4CB5B8281AEF4600DF04C5 /* HomeViewController.swift */; };
		CA4CB5BB281AEF6E00DF04C5 /* AddSpendingViewController.swift in Sources */ = {isa = PBXBuildFile; fileRef = CA4CB5BA281AEF6E00DF04C5 /* AddSpendingViewController.swift */; };
		CA4CB5BD281AF09100DF04C5 /* BudgetViewController.swift in Sources */ = {isa = PBXBuildFile; fileRef = CA4CB5BC281AF09100DF04C5 /* BudgetViewController.swift */; };
		CA4CB5BF281AF0A600DF04C5 /* SetBudgetViewController.swift in Sources */ = {isa = PBXBuildFile; fileRef = CA4CB5BE281AF0A600DF04C5 /* SetBudgetViewController.swift */; };
		CA4D3EA9283E42A700698C9E /* Budget+CoreDataClass.swift in Sources */ = {isa = PBXBuildFile; fileRef = CA4D3EA7283E42A700698C9E /* Budget+CoreDataClass.swift */; };
		CA4D3EAA283E42A700698C9E /* Budget+CoreDataProperties.swift in Sources */ = {isa = PBXBuildFile; fileRef = CA4D3EA8283E42A700698C9E /* Budget+CoreDataProperties.swift */; };
		CA651D3128211E7500E605B8 /* GoogleService-Info.plist in Resources */ = {isa = PBXBuildFile; fileRef = CA651D3028211E7500E605B8 /* GoogleService-Info.plist */; };
		CAA18DA4283DCC0200AD133C /* SwiftUICharts in Frameworks */ = {isa = PBXBuildFile; productRef = CAA18DA3283DCC0200AD133C /* SwiftUICharts */; };
		CAD5D7752824E9C5006F42FF /* ViewSpendingViewController.swift in Sources */ = {isa = PBXBuildFile; fileRef = CAD5D7742824E9C5006F42FF /* ViewSpendingViewController.swift */; };
		CAF6F5C028195A7A001EDECD /* AppDelegate.swift in Sources */ = {isa = PBXBuildFile; fileRef = CAF6F5BF28195A7A001EDECD /* AppDelegate.swift */; };
		CAF6F5C228195A7A001EDECD /* SceneDelegate.swift in Sources */ = {isa = PBXBuildFile; fileRef = CAF6F5C128195A7A001EDECD /* SceneDelegate.swift */; };
		CAF6F5C428195A7A001EDECD /* ViewController.swift in Sources */ = {isa = PBXBuildFile; fileRef = CAF6F5C328195A7A001EDECD /* ViewController.swift */; };
		CAF6F5C728195A7A001EDECD /* Main.storyboard in Resources */ = {isa = PBXBuildFile; fileRef = CAF6F5C528195A7A001EDECD /* Main.storyboard */; };
		CAF6F5C928195A7E001EDECD /* Assets.xcassets in Resources */ = {isa = PBXBuildFile; fileRef = CAF6F5C828195A7E001EDECD /* Assets.xcassets */; };
		CAF6F5CC28195A7E001EDECD /* LaunchScreen.storyboard in Resources */ = {isa = PBXBuildFile; fileRef = CAF6F5CA28195A7E001EDECD /* LaunchScreen.storyboard */; };
/* End PBXBuildFile section */

/* Begin PBXFileReference section */
		321DEA7D4787D46342F62551 /* Pods-FIT3178 Assignment.release.xcconfig */ = {isa = PBXFileReference; includeInIndex = 1; lastKnownFileType = text.xcconfig; name = "Pods-FIT3178 Assignment.release.xcconfig"; path = "Target Support Files/Pods-FIT3178 Assignment/Pods-FIT3178 Assignment.release.xcconfig"; sourceTree = "<group>"; };
		8A7D861210ADAE7B7C0233D6 /* Pods_FIT3178_Assignment.framework */ = {isa = PBXFileReference; explicitFileType = wrapper.framework; includeInIndex = 0; path = Pods_FIT3178_Assignment.framework; sourceTree = BUILT_PRODUCTS_DIR; };
		A3EDE0C69D6EE861DF214ABD /* Pods-FIT3178 Assignment.debug.xcconfig */ = {isa = PBXFileReference; includeInIndex = 1; lastKnownFileType = text.xcconfig; name = "Pods-FIT3178 Assignment.debug.xcconfig"; path = "Target Support Files/Pods-FIT3178 Assignment/Pods-FIT3178 Assignment.debug.xcconfig"; sourceTree = "<group>"; };
		CA0253F728331E3F00852649 /* App-DataModel.xcdatamodel */ = {isa = PBXFileReference; lastKnownFileType = wrapper.xcdatamodel; path = "App-DataModel.xcdatamodel"; sourceTree = "<group>"; };
		CA0A710B2840A40B00B91C58 /* UserStatsViewController.swift */ = {isa = PBXFileReference; lastKnownFileType = sourcecode.swift; path = UserStatsViewController.swift; sourceTree = "<group>"; };
		CA0A710D2840AA3A00B91C58 /* CategoryComparisonViewController.swift */ = {isa = PBXFileReference; lastKnownFileType = sourcecode.swift; path = CategoryComparisonViewController.swift; sourceTree = "<group>"; };
		CA0F159E284DF2B700394F15 /* Month+CoreDataClass.swift */ = {isa = PBXFileReference; lastKnownFileType = sourcecode.swift; path = "Month+CoreDataClass.swift"; sourceTree = SOURCE_ROOT; };
		CA0F159F284DF2B700394F15 /* Month+CoreDataProperties.swift */ = {isa = PBXFileReference; lastKnownFileType = sourcecode.swift; path = "Month+CoreDataProperties.swift"; sourceTree = SOURCE_ROOT; };
		CA109EF42834DE8A00A8ACFE /* Spending+CoreDataClass.swift */ = {isa = PBXFileReference; lastKnownFileType = sourcecode.swift; path = "Spending+CoreDataClass.swift"; sourceTree = SOURCE_ROOT; };
		CA109EF52834DE8A00A8ACFE /* Spending+CoreDataProperties.swift */ = {isa = PBXFileReference; lastKnownFileType = sourcecode.swift; path = "Spending+CoreDataProperties.swift"; sourceTree = SOURCE_ROOT; };
		CA2172722823D14E000A520B /* AddSpendingDelegate.swift */ = {isa = PBXFileReference; lastKnownFileType = sourcecode.swift; path = AddSpendingDelegate.swift; sourceTree = "<group>"; };
		CA2383FB2833B0FF00EFA840 /* MulticastDelegate.swift */ = {isa = PBXFileReference; fileEncoding = 4; lastKnownFileType = sourcecode.swift; name = MulticastDelegate.swift; path = "FIT3178 Assignment/MulticastDelegate.swift"; sourceTree = SOURCE_ROOT; };
		CA2383FD2833B12B00EFA840 /* DatabaseProtocol.swift */ = {isa = PBXFileReference; lastKnownFileType = sourcecode.swift; path = DatabaseProtocol.swift; sourceTree = "<group>"; };
		CA2383FF2833B27200EFA840 /* CoreDataController.swift */ = {isa = PBXFileReference; lastKnownFileType = sourcecode.swift; path = CoreDataController.swift; sourceTree = "<group>"; };
		CA29E0B62836595F00B0F4F5 /* SettingsViewController.swift */ = {isa = PBXFileReference; lastKnownFileType = sourcecode.swift; path = SettingsViewController.swift; sourceTree = "<group>"; };
		CA30A86A2850B42C00361A38 /* BarChartFormatter.swift */ = {isa = PBXFileReference; lastKnownFileType = sourcecode.swift; path = BarChartFormatter.swift; sourceTree = "<group>"; };
		CA43CAE12824323C00DDAC11 /* SpendingCountTableViewCell.swift */ = {isa = PBXFileReference; lastKnownFileType = sourcecode.swift; path = SpendingCountTableViewCell.swift; sourceTree = "<group>"; };
		CA4CB5B8281AEF4600DF04C5 /* HomeViewController.swift */ = {isa = PBXFileReference; lastKnownFileType = sourcecode.swift; path = HomeViewController.swift; sourceTree = "<group>"; };
		CA4CB5BA281AEF6E00DF04C5 /* AddSpendingViewController.swift */ = {isa = PBXFileReference; lastKnownFileType = sourcecode.swift; path = AddSpendingViewController.swift; sourceTree = "<group>"; };
		CA4CB5BC281AF09100DF04C5 /* BudgetViewController.swift */ = {isa = PBXFileReference; lastKnownFileType = sourcecode.swift; path = BudgetViewController.swift; sourceTree = "<group>"; };
		CA4CB5BE281AF0A600DF04C5 /* SetBudgetViewController.swift */ = {isa = PBXFileReference; lastKnownFileType = sourcecode.swift; path = SetBudgetViewController.swift; sourceTree = "<group>"; };
		CA4D3EA7283E42A700698C9E /* Budget+CoreDataClass.swift */ = {isa = PBXFileReference; lastKnownFileType = sourcecode.swift; path = "Budget+CoreDataClass.swift"; sourceTree = SOURCE_ROOT; };
		CA4D3EA8283E42A700698C9E /* Budget+CoreDataProperties.swift */ = {isa = PBXFileReference; lastKnownFileType = sourcecode.swift; path = "Budget+CoreDataProperties.swift"; sourceTree = SOURCE_ROOT; };
		CA651D3028211E7500E605B8 /* GoogleService-Info.plist */ = {isa = PBXFileReference; fileEncoding = 4; lastKnownFileType = text.plist.xml; path = "GoogleService-Info.plist"; sourceTree = "<group>"; };
		CAD5D7742824E9C5006F42FF /* ViewSpendingViewController.swift */ = {isa = PBXFileReference; lastKnownFileType = sourcecode.swift; path = ViewSpendingViewController.swift; sourceTree = "<group>"; };
		CAF6F5BC28195A7A001EDECD /* FIT3178 Assignment.app */ = {isa = PBXFileReference; explicitFileType = wrapper.application; includeInIndex = 0; path = "FIT3178 Assignment.app"; sourceTree = BUILT_PRODUCTS_DIR; };
		CAF6F5BF28195A7A001EDECD /* AppDelegate.swift */ = {isa = PBXFileReference; lastKnownFileType = sourcecode.swift; path = AppDelegate.swift; sourceTree = "<group>"; };
		CAF6F5C128195A7A001EDECD /* SceneDelegate.swift */ = {isa = PBXFileReference; lastKnownFileType = sourcecode.swift; path = SceneDelegate.swift; sourceTree = "<group>"; };
		CAF6F5C328195A7A001EDECD /* ViewController.swift */ = {isa = PBXFileReference; lastKnownFileType = sourcecode.swift; path = ViewController.swift; sourceTree = "<group>"; };
		CAF6F5C628195A7A001EDECD /* Base */ = {isa = PBXFileReference; lastKnownFileType = file.storyboard; name = Base; path = Base.lproj/Main.storyboard; sourceTree = "<group>"; };
		CAF6F5C828195A7E001EDECD /* Assets.xcassets */ = {isa = PBXFileReference; lastKnownFileType = folder.assetcatalog; path = Assets.xcassets; sourceTree = "<group>"; };
		CAF6F5CB28195A7E001EDECD /* Base */ = {isa = PBXFileReference; lastKnownFileType = file.storyboard; name = Base; path = Base.lproj/LaunchScreen.storyboard; sourceTree = "<group>"; };
		CAF6F5CD28195A7E001EDECD /* Info.plist */ = {isa = PBXFileReference; lastKnownFileType = text.plist.xml; path = Info.plist; sourceTree = "<group>"; };
/* End PBXFileReference section */

/* Begin PBXFrameworksBuildPhase section */
		CAF6F5B928195A7A001EDECD /* Frameworks */ = {
			isa = PBXFrameworksBuildPhase;
			buildActionMask = 2147483647;
			files = (
				CAA18DA4283DCC0200AD133C /* SwiftUICharts in Frameworks */,
				0018C7BE28B7BA2E18E3C003 /* Pods_FIT3178_Assignment.framework in Frameworks */,
			);
			runOnlyForDeploymentPostprocessing = 0;
		};
/* End PBXFrameworksBuildPhase section */

/* Begin PBXGroup section */
		3797B6715D1CEB9B26BC1C83 /* Frameworks */ = {
			isa = PBXGroup;
			children = (
				8A7D861210ADAE7B7C0233D6 /* Pods_FIT3178_Assignment.framework */,
			);
			name = Frameworks;
			sourceTree = "<group>";
		};
		CA0253F528331E2200852649 /* DataModel */ = {
			isa = PBXGroup;
			children = (
				CA0F159E284DF2B700394F15 /* Month+CoreDataClass.swift */,
				CA0F159F284DF2B700394F15 /* Month+CoreDataProperties.swift */,
				CA4D3EA7283E42A700698C9E /* Budget+CoreDataClass.swift */,
				CA4D3EA8283E42A700698C9E /* Budget+CoreDataProperties.swift */,
				CA109EF42834DE8A00A8ACFE /* Spending+CoreDataClass.swift */,
				CA109EF52834DE8A00A8ACFE /* Spending+CoreDataProperties.swift */,
				CA0253F628331E3F00852649 /* App-DataModel.xcdatamodeld */,
			);
			path = DataModel;
			sourceTree = "<group>";
		};
		CA2383FA2833B0E800EFA840 /* Database */ = {
			isa = PBXGroup;
			children = (
				CA2383FB2833B0FF00EFA840 /* MulticastDelegate.swift */,
				CA2383FD2833B12B00EFA840 /* DatabaseProtocol.swift */,
				CA2383FF2833B27200EFA840 /* CoreDataController.swift */,
			);
			path = Database;
			sourceTree = "<group>";
		};
		CAF6F5B328195A79001EDECD = {
			isa = PBXGroup;
			children = (
				CAF6F5BE28195A7A001EDECD /* FIT3178 Assignment */,
				CAF6F5BD28195A7A001EDECD /* Products */,
				E83318A965C9F25FC4E4D26D /* Pods */,
				3797B6715D1CEB9B26BC1C83 /* Frameworks */,
			);
			sourceTree = "<group>";
		};
		CAF6F5BD28195A7A001EDECD /* Products */ = {
			isa = PBXGroup;
			children = (
				CAF6F5BC28195A7A001EDECD /* FIT3178 Assignment.app */,
			);
			name = Products;
			sourceTree = "<group>";
		};
		CAF6F5BE28195A7A001EDECD /* FIT3178 Assignment */ = {
			isa = PBXGroup;
			children = (
				CA2383FA2833B0E800EFA840 /* Database */,
				CA0253F528331E2200852649 /* DataModel */,
				CAF6F5BF28195A7A001EDECD /* AppDelegate.swift */,
				CAF6F5C128195A7A001EDECD /* SceneDelegate.swift */,
				CAF6F5C328195A7A001EDECD /* ViewController.swift */,
				CAF6F5C528195A7A001EDECD /* Main.storyboard */,
				CAF6F5C828195A7E001EDECD /* Assets.xcassets */,
				CAF6F5CA28195A7E001EDECD /* LaunchScreen.storyboard */,
				CAF6F5CD28195A7E001EDECD /* Info.plist */,
				CA4CB5B8281AEF4600DF04C5 /* HomeViewController.swift */,
				CA4CB5BA281AEF6E00DF04C5 /* AddSpendingViewController.swift */,
				CA4CB5BC281AF09100DF04C5 /* BudgetViewController.swift */,
				CA4CB5BE281AF0A600DF04C5 /* SetBudgetViewController.swift */,
				CA651D3028211E7500E605B8 /* GoogleService-Info.plist */,
				CA2172722823D14E000A520B /* AddSpendingDelegate.swift */,
				CA43CAE12824323C00DDAC11 /* SpendingCountTableViewCell.swift */,
				CAD5D7742824E9C5006F42FF /* ViewSpendingViewController.swift */,
				CA29E0B62836595F00B0F4F5 /* SettingsViewController.swift */,
				CA0A710B2840A40B00B91C58 /* UserStatsViewController.swift */,
				CA0A710D2840AA3A00B91C58 /* CategoryComparisonViewController.swift */,
				CA30A86A2850B42C00361A38 /* BarChartFormatter.swift */,
			);
			path = "FIT3178 Assignment";
			sourceTree = "<group>";
		};
		E83318A965C9F25FC4E4D26D /* Pods */ = {
			isa = PBXGroup;
			children = (
				A3EDE0C69D6EE861DF214ABD /* Pods-FIT3178 Assignment.debug.xcconfig */,
				321DEA7D4787D46342F62551 /* Pods-FIT3178 Assignment.release.xcconfig */,
			);
			path = Pods;
			sourceTree = "<group>";
		};
/* End PBXGroup section */

/* Begin PBXNativeTarget section */
		CAF6F5BB28195A7A001EDECD /* FIT3178 Assignment */ = {
			isa = PBXNativeTarget;
			buildConfigurationList = CAF6F5D028195A7E001EDECD /* Build configuration list for PBXNativeTarget "FIT3178 Assignment" */;
			buildPhases = (
				B4AC174E22321C3F5FAC156B /* [CP] Check Pods Manifest.lock */,
				CAF6F5B828195A7A001EDECD /* Sources */,
				CAF6F5B928195A7A001EDECD /* Frameworks */,
				CAF6F5BA28195A7A001EDECD /* Resources */,
				4212E3E541A02946F27666DE /* [CP] Embed Pods Frameworks */,
			);
			buildRules = (
			);
			dependencies = (
			);
			name = "FIT3178 Assignment";
			packageProductDependencies = (
				CAA18DA3283DCC0200AD133C /* SwiftUICharts */,
			);
			productName = "FIT3178 Assignment";
			productReference = CAF6F5BC28195A7A001EDECD /* FIT3178 Assignment.app */;
			productType = "com.apple.product-type.application";
		};
/* End PBXNativeTarget section */

/* Begin PBXProject section */
		CAF6F5B428195A79001EDECD /* Project object */ = {
			isa = PBXProject;
			attributes = {
				BuildIndependentTargetsInParallel = 1;
				LastSwiftUpdateCheck = 1320;
				LastUpgradeCheck = 1320;
				TargetAttributes = {
					CAF6F5BB28195A7A001EDECD = {
						CreatedOnToolsVersion = 13.2.1;
					};
				};
			};
			buildConfigurationList = CAF6F5B728195A79001EDECD /* Build configuration list for PBXProject "FIT3178 Assignment" */;
			compatibilityVersion = "Xcode 13.0";
			developmentRegion = en;
			hasScannedForEncodings = 0;
			knownRegions = (
				en,
				Base,
			);
			mainGroup = CAF6F5B328195A79001EDECD;
			packageReferences = (
				CAA18DA2283DCC0200AD133C /* XCRemoteSwiftPackageReference "ChartView" */,
			);
			productRefGroup = CAF6F5BD28195A7A001EDECD /* Products */;
			projectDirPath = "";
			projectRoot = "";
			targets = (
				CAF6F5BB28195A7A001EDECD /* FIT3178 Assignment */,
			);
		};
/* End PBXProject section */

/* Begin PBXResourcesBuildPhase section */
		CAF6F5BA28195A7A001EDECD /* Resources */ = {
			isa = PBXResourcesBuildPhase;
			buildActionMask = 2147483647;
			files = (
				CAF6F5CC28195A7E001EDECD /* LaunchScreen.storyboard in Resources */,
				CA651D3128211E7500E605B8 /* GoogleService-Info.plist in Resources */,
				CAF6F5C928195A7E001EDECD /* Assets.xcassets in Resources */,
				CAF6F5C728195A7A001EDECD /* Main.storyboard in Resources */,
			);
			runOnlyForDeploymentPostprocessing = 0;
		};
/* End PBXResourcesBuildPhase section */

/* Begin PBXShellScriptBuildPhase section */
		4212E3E541A02946F27666DE /* [CP] Embed Pods Frameworks */ = {
			isa = PBXShellScriptBuildPhase;
			buildActionMask = 2147483647;
			files = (
			);
			inputFileListPaths = (
				"${PODS_ROOT}/Target Support Files/Pods-FIT3178 Assignment/Pods-FIT3178 Assignment-frameworks-${CONFIGURATION}-input-files.xcfilelist",
			);
			name = "[CP] Embed Pods Frameworks";
			outputFileListPaths = (
				"${PODS_ROOT}/Target Support Files/Pods-FIT3178 Assignment/Pods-FIT3178 Assignment-frameworks-${CONFIGURATION}-output-files.xcfilelist",
			);
			runOnlyForDeploymentPostprocessing = 0;
			shellPath = /bin/sh;
			shellScript = "\"${PODS_ROOT}/Target Support Files/Pods-FIT3178 Assignment/Pods-FIT3178 Assignment-frameworks.sh\"\n";
			showEnvVarsInLog = 0;
		};
		B4AC174E22321C3F5FAC156B /* [CP] Check Pods Manifest.lock */ = {
			isa = PBXShellScriptBuildPhase;
			buildActionMask = 2147483647;
			files = (
			);
			inputFileListPaths = (
			);
			inputPaths = (
				"${PODS_PODFILE_DIR_PATH}/Podfile.lock",
				"${PODS_ROOT}/Manifest.lock",
			);
			name = "[CP] Check Pods Manifest.lock";
			outputFileListPaths = (
			);
			outputPaths = (
				"$(DERIVED_FILE_DIR)/Pods-FIT3178 Assignment-checkManifestLockResult.txt",
			);
			runOnlyForDeploymentPostprocessing = 0;
			shellPath = /bin/sh;
			shellScript = "diff \"${PODS_PODFILE_DIR_PATH}/Podfile.lock\" \"${PODS_ROOT}/Manifest.lock\" > /dev/null\nif [ $? != 0 ] ; then\n    # print error to STDERR\n    echo \"error: The sandbox is not in sync with the Podfile.lock. Run 'pod install' or update your CocoaPods installation.\" >&2\n    exit 1\nfi\n# This output is used by Xcode 'outputs' to avoid re-running this script phase.\necho \"SUCCESS\" > \"${SCRIPT_OUTPUT_FILE_0}\"\n";
			showEnvVarsInLog = 0;
		};
/* End PBXShellScriptBuildPhase section */

/* Begin PBXSourcesBuildPhase section */
		CAF6F5B828195A7A001EDECD /* Sources */ = {
			isa = PBXSourcesBuildPhase;
			buildActionMask = 2147483647;
			files = (
				CAD5D7752824E9C5006F42FF /* ViewSpendingViewController.swift in Sources */,
				CAF6F5C428195A7A001EDECD /* ViewController.swift in Sources */,
				CA4CB5BF281AF0A600DF04C5 /* SetBudgetViewController.swift in Sources */,
				CA4CB5BD281AF09100DF04C5 /* BudgetViewController.swift in Sources */,
				CA0F15A0284DF2B700394F15 /* Month+CoreDataClass.swift in Sources */,
				CA30A86B2850B42C00361A38 /* BarChartFormatter.swift in Sources */,
				CA4D3EA9283E42A700698C9E /* Budget+CoreDataClass.swift in Sources */,
				CA2172732823D14E000A520B /* AddSpendingDelegate.swift in Sources */,
				CA29E0B72836595F00B0F4F5 /* SettingsViewController.swift in Sources */,
				CA4CB5BB281AEF6E00DF04C5 /* AddSpendingViewController.swift in Sources */,
				CAF6F5C028195A7A001EDECD /* AppDelegate.swift in Sources */,
				CAF6F5C228195A7A001EDECD /* SceneDelegate.swift in Sources */,
				CA0F15A1284DF2B700394F15 /* Month+CoreDataProperties.swift in Sources */,
				CA2383FC2833B0FF00EFA840 /* MulticastDelegate.swift in Sources */,
				CA2384002833B27200EFA840 /* CoreDataController.swift in Sources */,
				CA109EF62834DE8A00A8ACFE /* Spending+CoreDataClass.swift in Sources */,
				CA43CAE22824323C00DDAC11 /* SpendingCountTableViewCell.swift in Sources */,
				CA4CB5B9281AEF4600DF04C5 /* HomeViewController.swift in Sources */,
				CA4D3EAA283E42A700698C9E /* Budget+CoreDataProperties.swift in Sources */,
				CA0A710E2840AA3A00B91C58 /* CategoryComparisonViewController.swift in Sources */,
				CA109EF72834DE8A00A8ACFE /* Spending+CoreDataProperties.swift in Sources */,
				CA0A710C2840A40B00B91C58 /* UserStatsViewController.swift in Sources */,
				CA0253F828331E3F00852649 /* App-DataModel.xcdatamodeld in Sources */,
				CA2383FE2833B12B00EFA840 /* DatabaseProtocol.swift in Sources */,
			);
			runOnlyForDeploymentPostprocessing = 0;
		};
/* End PBXSourcesBuildPhase section */

/* Begin PBXVariantGroup section */
		CAF6F5C528195A7A001EDECD /* Main.storyboard */ = {
			isa = PBXVariantGroup;
			children = (
				CAF6F5C628195A7A001EDECD /* Base */,
			);
			name = Main.storyboard;
			sourceTree = "<group>";
		};
		CAF6F5CA28195A7E001EDECD /* LaunchScreen.storyboard */ = {
			isa = PBXVariantGroup;
			children = (
				CAF6F5CB28195A7E001EDECD /* Base */,
			);
			name = LaunchScreen.storyboard;
			sourceTree = "<group>";
		};
/* End PBXVariantGroup section */

/* Begin XCBuildConfiguration section */
		CAF6F5CE28195A7E001EDECD /* Debug */ = {
			isa = XCBuildConfiguration;
			buildSettings = {
				ALWAYS_SEARCH_USER_PATHS = NO;
				CLANG_ANALYZER_NONNULL = YES;
				CLANG_ANALYZER_NUMBER_OBJECT_CONVERSION = YES_AGGRESSIVE;
				CLANG_CXX_LANGUAGE_STANDARD = "gnu++17";
				CLANG_CXX_LIBRARY = "libc++";
				CLANG_ENABLE_MODULES = YES;
				CLANG_ENABLE_OBJC_ARC = YES;
				CLANG_ENABLE_OBJC_WEAK = YES;
				CLANG_WARN_BLOCK_CAPTURE_AUTORELEASING = YES;
				CLANG_WARN_BOOL_CONVERSION = YES;
				CLANG_WARN_COMMA = YES;
				CLANG_WARN_CONSTANT_CONVERSION = YES;
				CLANG_WARN_DEPRECATED_OBJC_IMPLEMENTATIONS = YES;
				CLANG_WARN_DIRECT_OBJC_ISA_USAGE = YES_ERROR;
				CLANG_WARN_DOCUMENTATION_COMMENTS = YES;
				CLANG_WARN_EMPTY_BODY = YES;
				CLANG_WARN_ENUM_CONVERSION = YES;
				CLANG_WARN_INFINITE_RECURSION = YES;
				CLANG_WARN_INT_CONVERSION = YES;
				CLANG_WARN_NON_LITERAL_NULL_CONVERSION = YES;
				CLANG_WARN_OBJC_IMPLICIT_RETAIN_SELF = YES;
				CLANG_WARN_OBJC_LITERAL_CONVERSION = YES;
				CLANG_WARN_OBJC_ROOT_CLASS = YES_ERROR;
				CLANG_WARN_QUOTED_INCLUDE_IN_FRAMEWORK_HEADER = YES;
				CLANG_WARN_RANGE_LOOP_ANALYSIS = YES;
				CLANG_WARN_STRICT_PROTOTYPES = YES;
				CLANG_WARN_SUSPICIOUS_MOVE = YES;
				CLANG_WARN_UNGUARDED_AVAILABILITY = YES_AGGRESSIVE;
				CLANG_WARN_UNREACHABLE_CODE = YES;
				CLANG_WARN__DUPLICATE_METHOD_MATCH = YES;
				COPY_PHASE_STRIP = NO;
				DEBUG_INFORMATION_FORMAT = dwarf;
				ENABLE_STRICT_OBJC_MSGSEND = YES;
				ENABLE_TESTABILITY = YES;
				GCC_C_LANGUAGE_STANDARD = gnu11;
				GCC_DYNAMIC_NO_PIC = NO;
				GCC_NO_COMMON_BLOCKS = YES;
				GCC_OPTIMIZATION_LEVEL = 0;
				GCC_PREPROCESSOR_DEFINITIONS = (
					"DEBUG=1",
					"$(inherited)",
				);
				GCC_WARN_64_TO_32_BIT_CONVERSION = YES;
				GCC_WARN_ABOUT_RETURN_TYPE = YES_ERROR;
				GCC_WARN_UNDECLARED_SELECTOR = YES;
				GCC_WARN_UNINITIALIZED_AUTOS = YES_AGGRESSIVE;
				GCC_WARN_UNUSED_FUNCTION = YES;
				GCC_WARN_UNUSED_VARIABLE = YES;
				IPHONEOS_DEPLOYMENT_TARGET = 15.2;
				MTL_ENABLE_DEBUG_INFO = INCLUDE_SOURCE;
				MTL_FAST_MATH = YES;
				ONLY_ACTIVE_ARCH = YES;
				SDKROOT = iphoneos;
				SWIFT_ACTIVE_COMPILATION_CONDITIONS = DEBUG;
				SWIFT_OPTIMIZATION_LEVEL = "-Onone";
			};
			name = Debug;
		};
		CAF6F5CF28195A7E001EDECD /* Release */ = {
			isa = XCBuildConfiguration;
			buildSettings = {
				ALWAYS_SEARCH_USER_PATHS = NO;
				CLANG_ANALYZER_NONNULL = YES;
				CLANG_ANALYZER_NUMBER_OBJECT_CONVERSION = YES_AGGRESSIVE;
				CLANG_CXX_LANGUAGE_STANDARD = "gnu++17";
				CLANG_CXX_LIBRARY = "libc++";
				CLANG_ENABLE_MODULES = YES;
				CLANG_ENABLE_OBJC_ARC = YES;
				CLANG_ENABLE_OBJC_WEAK = YES;
				CLANG_WARN_BLOCK_CAPTURE_AUTORELEASING = YES;
				CLANG_WARN_BOOL_CONVERSION = YES;
				CLANG_WARN_COMMA = YES;
				CLANG_WARN_CONSTANT_CONVERSION = YES;
				CLANG_WARN_DEPRECATED_OBJC_IMPLEMENTATIONS = YES;
				CLANG_WARN_DIRECT_OBJC_ISA_USAGE = YES_ERROR;
				CLANG_WARN_DOCUMENTATION_COMMENTS = YES;
				CLANG_WARN_EMPTY_BODY = YES;
				CLANG_WARN_ENUM_CONVERSION = YES;
				CLANG_WARN_INFINITE_RECURSION = YES;
				CLANG_WARN_INT_CONVERSION = YES;
				CLANG_WARN_NON_LITERAL_NULL_CONVERSION = YES;
				CLANG_WARN_OBJC_IMPLICIT_RETAIN_SELF = YES;
				CLANG_WARN_OBJC_LITERAL_CONVERSION = YES;
				CLANG_WARN_OBJC_ROOT_CLASS = YES_ERROR;
				CLANG_WARN_QUOTED_INCLUDE_IN_FRAMEWORK_HEADER = YES;
				CLANG_WARN_RANGE_LOOP_ANALYSIS = YES;
				CLANG_WARN_STRICT_PROTOTYPES = YES;
				CLANG_WARN_SUSPICIOUS_MOVE = YES;
				CLANG_WARN_UNGUARDED_AVAILABILITY = YES_AGGRESSIVE;
				CLANG_WARN_UNREACHABLE_CODE = YES;
				CLANG_WARN__DUPLICATE_METHOD_MATCH = YES;
				COPY_PHASE_STRIP = NO;
				DEBUG_INFORMATION_FORMAT = "dwarf-with-dsym";
				ENABLE_NS_ASSERTIONS = NO;
				ENABLE_STRICT_OBJC_MSGSEND = YES;
				GCC_C_LANGUAGE_STANDARD = gnu11;
				GCC_NO_COMMON_BLOCKS = YES;
				GCC_WARN_64_TO_32_BIT_CONVERSION = YES;
				GCC_WARN_ABOUT_RETURN_TYPE = YES_ERROR;
				GCC_WARN_UNDECLARED_SELECTOR = YES;
				GCC_WARN_UNINITIALIZED_AUTOS = YES_AGGRESSIVE;
				GCC_WARN_UNUSED_FUNCTION = YES;
				GCC_WARN_UNUSED_VARIABLE = YES;
				IPHONEOS_DEPLOYMENT_TARGET = 15.2;
				MTL_ENABLE_DEBUG_INFO = NO;
				MTL_FAST_MATH = YES;
				SDKROOT = iphoneos;
				SWIFT_COMPILATION_MODE = wholemodule;
				SWIFT_OPTIMIZATION_LEVEL = "-O";
				VALIDATE_PRODUCT = YES;
			};
			name = Release;
		};
		CAF6F5D128195A7E001EDECD /* Debug */ = {
			isa = XCBuildConfiguration;
			baseConfigurationReference = A3EDE0C69D6EE861DF214ABD /* Pods-FIT3178 Assignment.debug.xcconfig */;
			buildSettings = {
				ASSETCATALOG_COMPILER_APPICON_NAME = AppIcon;
				ASSETCATALOG_COMPILER_GLOBAL_ACCENT_COLOR_NAME = AccentColor;
				CODE_SIGN_STYLE = Automatic;
				CURRENT_PROJECT_VERSION = 1;
				GENERATE_INFOPLIST_FILE = YES;
				INFOPLIST_FILE = "FIT3178 Assignment/Info.plist";
				INFOPLIST_KEY_UIApplicationSupportsIndirectInputEvents = YES;
				INFOPLIST_KEY_UILaunchStoryboardName = LaunchScreen;
				INFOPLIST_KEY_UIMainStoryboardFile = Main;
				INFOPLIST_KEY_UISupportedInterfaceOrientations_iPad = "UIInterfaceOrientationPortrait UIInterfaceOrientationPortraitUpsideDown UIInterfaceOrientationLandscapeLeft UIInterfaceOrientationLandscapeRight";
				INFOPLIST_KEY_UISupportedInterfaceOrientations_iPhone = "UIInterfaceOrientationPortrait UIInterfaceOrientationLandscapeLeft UIInterfaceOrientationLandscapeRight";
				LD_RUNPATH_SEARCH_PATHS = (
					"$(inherited)",
					"@executable_path/Frameworks",
				);
				MARKETING_VERSION = 1.0;
				PRODUCT_BUNDLE_IDENTIFIER = "edu.monash.FIT3178-Assignment";
				PRODUCT_NAME = "$(TARGET_NAME)";
				SWIFT_EMIT_LOC_STRINGS = YES;
				SWIFT_VERSION = 5.0;
				TARGETED_DEVICE_FAMILY = "1,2";
			};
			name = Debug;
		};
		CAF6F5D228195A7E001EDECD /* Release */ = {
			isa = XCBuildConfiguration;
			baseConfigurationReference = 321DEA7D4787D46342F62551 /* Pods-FIT3178 Assignment.release.xcconfig */;
			buildSettings = {
				ASSETCATALOG_COMPILER_APPICON_NAME = AppIcon;
				ASSETCATALOG_COMPILER_GLOBAL_ACCENT_COLOR_NAME = AccentColor;
				CODE_SIGN_STYLE = Automatic;
				CURRENT_PROJECT_VERSION = 1;
				GENERATE_INFOPLIST_FILE = YES;
				INFOPLIST_FILE = "FIT3178 Assignment/Info.plist";
				INFOPLIST_KEY_UIApplicationSupportsIndirectInputEvents = YES;
				INFOPLIST_KEY_UILaunchStoryboardName = LaunchScreen;
				INFOPLIST_KEY_UIMainStoryboardFile = Main;
				INFOPLIST_KEY_UISupportedInterfaceOrientations_iPad = "UIInterfaceOrientationPortrait UIInterfaceOrientationPortraitUpsideDown UIInterfaceOrientationLandscapeLeft UIInterfaceOrientationLandscapeRight";
				INFOPLIST_KEY_UISupportedInterfaceOrientations_iPhone = "UIInterfaceOrientationPortrait UIInterfaceOrientationLandscapeLeft UIInterfaceOrientationLandscapeRight";
				LD_RUNPATH_SEARCH_PATHS = (
					"$(inherited)",
					"@executable_path/Frameworks",
				);
				MARKETING_VERSION = 1.0;
				PRODUCT_BUNDLE_IDENTIFIER = "edu.monash.FIT3178-Assignment";
				PRODUCT_NAME = "$(TARGET_NAME)";
				SWIFT_EMIT_LOC_STRINGS = YES;
				SWIFT_VERSION = 5.0;
				TARGETED_DEVICE_FAMILY = "1,2";
			};
			name = Release;
		};
/* End XCBuildConfiguration section */

/* Begin XCConfigurationList section */
		CAF6F5B728195A79001EDECD /* Build configuration list for PBXProject "FIT3178 Assignment" */ = {
			isa = XCConfigurationList;
			buildConfigurations = (
				CAF6F5CE28195A7E001EDECD /* Debug */,
				CAF6F5CF28195A7E001EDECD /* Release */,
			);
			defaultConfigurationIsVisible = 0;
			defaultConfigurationName = Release;
		};
		CAF6F5D028195A7E001EDECD /* Build configuration list for PBXNativeTarget "FIT3178 Assignment" */ = {
			isa = XCConfigurationList;
			buildConfigurations = (
				CAF6F5D128195A7E001EDECD /* Debug */,
				CAF6F5D228195A7E001EDECD /* Release */,
			);
			defaultConfigurationIsVisible = 0;
			defaultConfigurationName = Release;
		};
/* End XCConfigurationList section */

/* Begin XCRemoteSwiftPackageReference section */
		CAA18DA2283DCC0200AD133C /* XCRemoteSwiftPackageReference "ChartView" */ = {
			isa = XCRemoteSwiftPackageReference;
			repositoryURL = "https://github.com/AppPear/ChartView";
			requirement = {
				kind = upToNextMajorVersion;
				minimumVersion = 1.0.0;
			};
		};
/* End XCRemoteSwiftPackageReference section */

/* Begin XCSwiftPackageProductDependency section */
		CAA18DA3283DCC0200AD133C /* SwiftUICharts */ = {
			isa = XCSwiftPackageProductDependency;
			package = CAA18DA2283DCC0200AD133C /* XCRemoteSwiftPackageReference "ChartView" */;
			productName = SwiftUICharts;
		};
/* End XCSwiftPackageProductDependency section */

/* Begin XCVersionGroup section */
		CA0253F628331E3F00852649 /* App-DataModel.xcdatamodeld */ = {
			isa = XCVersionGroup;
			children = (
				CA0253F728331E3F00852649 /* App-DataModel.xcdatamodel */,
			);
			currentVersion = CA0253F728331E3F00852649 /* App-DataModel.xcdatamodel */;
			path = "App-DataModel.xcdatamodeld";
			sourceTree = "<group>";
			versionGroupType = wrapper.xcdatamodel;
		};
/* End XCVersionGroup section */
	};
	rootObject = CAF6F5B428195A79001EDECD /* Project object */;
}
