// !$*UTF8*$!
{
	archiveVersion = 1;
	classes = {
	};
	objectVersion = 55;
	objects = {

/* Begin PBXBuildFile section */
		CA0253F828331E3F00852649 /* App-DataModel.xcdatamodeld in Sources */ = {isa = PBXBuildFile; fileRef = CA0253F628331E3F00852649 /* App-DataModel.xcdatamodeld */; };
		CA2172732823D14E000A520B /* AddSpendingDelegate.swift in Sources */ = {isa = PBXBuildFile; fileRef = CA2172722823D14E000A520B /* AddSpendingDelegate.swift */; };
		CA2383F82833B00A00EFA840 /* Spending+CoreDataClass.swift in Sources */ = {isa = PBXBuildFile; fileRef = CA2383F62833B00A00EFA840 /* Spending+CoreDataClass.swift */; };
		CA2383F92833B00A00EFA840 /* Spending+CoreDataProperties.swift in Sources */ = {isa = PBXBuildFile; fileRef = CA2383F72833B00A00EFA840 /* Spending+CoreDataProperties.swift */; };
		CA2383FC2833B0FF00EFA840 /* MulticastDelegate.swift in Sources */ = {isa = PBXBuildFile; fileRef = CA2383FB2833B0FF00EFA840 /* MulticastDelegate.swift */; };
		CA2383FE2833B12B00EFA840 /* DatabaseProtocol.swift in Sources */ = {isa = PBXBuildFile; fileRef = CA2383FD2833B12B00EFA840 /* DatabaseProtocol.swift */; };
		CA2384002833B27200EFA840 /* CoreDataController.swift in Sources */ = {isa = PBXBuildFile; fileRef = CA2383FF2833B27200EFA840 /* CoreDataController.swift */; };
		CA43CAE22824323C00DDAC11 /* SpendingCountTableViewCell.swift in Sources */ = {isa = PBXBuildFile; fileRef = CA43CAE12824323C00DDAC11 /* SpendingCountTableViewCell.swift */; };
		CA4CB5B9281AEF4600DF04C5 /* HomeViewController.swift in Sources */ = {isa = PBXBuildFile; fileRef = CA4CB5B8281AEF4600DF04C5 /* HomeViewController.swift */; };
		CA4CB5BB281AEF6E00DF04C5 /* AddSpendingViewController.swift in Sources */ = {isa = PBXBuildFile; fileRef = CA4CB5BA281AEF6E00DF04C5 /* AddSpendingViewController.swift */; };
		CA4CB5BD281AF09100DF04C5 /* BudgetViewController.swift in Sources */ = {isa = PBXBuildFile; fileRef = CA4CB5BC281AF09100DF04C5 /* BudgetViewController.swift */; };
		CA4CB5BF281AF0A600DF04C5 /* SetBudgetViewController.swift in Sources */ = {isa = PBXBuildFile; fileRef = CA4CB5BE281AF0A600DF04C5 /* SetBudgetViewController.swift */; };
		CA651D3128211E7500E605B8 /* GoogleService-Info.plist in Resources */ = {isa = PBXBuildFile; fileRef = CA651D3028211E7500E605B8 /* GoogleService-Info.plist */; };
		CAD5D7752824E9C5006F42FF /* ViewSpendingViewController.swift in Sources */ = {isa = PBXBuildFile; fileRef = CAD5D7742824E9C5006F42FF /* ViewSpendingViewController.swift */; };
		CAF6F5C028195A7A001EDECD /* AppDelegate.swift in Sources */ = {isa = PBXBuildFile; fileRef = CAF6F5BF28195A7A001EDECD /* AppDelegate.swift */; };
		CAF6F5C228195A7A001EDECD /* SceneDelegate.swift in Sources */ = {isa = PBXBuildFile; fileRef = CAF6F5C128195A7A001EDECD /* SceneDelegate.swift */; };
		CAF6F5C428195A7A001EDECD /* ViewController.swift in Sources */ = {isa = PBXBuildFile; fileRef = CAF6F5C328195A7A001EDECD /* ViewController.swift */; };
		CAF6F5C728195A7A001EDECD /* Main.storyboard in Resources */ = {isa = PBXBuildFile; fileRef = CAF6F5C528195A7A001EDECD /* Main.storyboard */; };
		CAF6F5C928195A7E001EDECD /* Assets.xcassets in Resources */ = {isa = PBXBuildFile; fileRef = CAF6F5C828195A7E001EDECD /* Assets.xcassets */; };
		CAF6F5CC28195A7E001EDECD /* LaunchScreen.storyboard in Resources */ = {isa = PBXBuildFile; fileRef = CAF6F5CA28195A7E001EDECD /* LaunchScreen.storyboard */; };
/* End PBXBuildFile section */

/* Begin PBXFileReference section */
		CA0253F728331E3F00852649 /* App-DataModel.xcdatamodel */ = {isa = PBXFileReference; lastKnownFileType = wrapper.xcdatamodel; path = "App-DataModel.xcdatamodel"; sourceTree = "<group>"; };
		CA2172722823D14E000A520B /* AddSpendingDelegate.swift */ = {isa = PBXFileReference; lastKnownFileType = sourcecode.swift; path = AddSpendingDelegate.swift; sourceTree = "<group>"; };
		CA2383F62833B00A00EFA840 /* Spending+CoreDataClass.swift */ = {isa = PBXFileReference; lastKnownFileType = sourcecode.swift; path = "Spending+CoreDataClass.swift"; sourceTree = SOURCE_ROOT; };
		CA2383F72833B00A00EFA840 /* Spending+CoreDataProperties.swift */ = {isa = PBXFileReference; lastKnownFileType = sourcecode.swift; path = "Spending+CoreDataProperties.swift"; sourceTree = SOURCE_ROOT; };
		CA2383FB2833B0FF00EFA840 /* MulticastDelegate.swift */ = {isa = PBXFileReference; fileEncoding = 4; lastKnownFileType = sourcecode.swift; name = MulticastDelegate.swift; path = "FIT3178 Assignment/MulticastDelegate.swift"; sourceTree = SOURCE_ROOT; };
		CA2383FD2833B12B00EFA840 /* DatabaseProtocol.swift */ = {isa = PBXFileReference; lastKnownFileType = sourcecode.swift; path = DatabaseProtocol.swift; sourceTree = "<group>"; };
		CA2383FF2833B27200EFA840 /* CoreDataController.swift */ = {isa = PBXFileReference; lastKnownFileType = sourcecode.swift; path = CoreDataController.swift; sourceTree = "<group>"; };
		CA43CAE12824323C00DDAC11 /* SpendingCountTableViewCell.swift */ = {isa = PBXFileReference; lastKnownFileType = sourcecode.swift; path = SpendingCountTableViewCell.swift; sourceTree = "<group>"; };
		CA4CB5B8281AEF4600DF04C5 /* HomeViewController.swift */ = {isa = PBXFileReference; lastKnownFileType = sourcecode.swift; path = HomeViewController.swift; sourceTree = "<group>"; };
		CA4CB5BA281AEF6E00DF04C5 /* AddSpendingViewController.swift */ = {isa = PBXFileReference; lastKnownFileType = sourcecode.swift; path = AddSpendingViewController.swift; sourceTree = "<group>"; };
		CA4CB5BC281AF09100DF04C5 /* BudgetViewController.swift */ = {isa = PBXFileReference; lastKnownFileType = sourcecode.swift; path = BudgetViewController.swift; sourceTree = "<group>"; };
		CA4CB5BE281AF0A600DF04C5 /* SetBudgetViewController.swift */ = {isa = PBXFileReference; lastKnownFileType = sourcecode.swift; path = SetBudgetViewController.swift; sourceTree = "<group>"; };
		CA651D3028211E7500E605B8 /* GoogleService-Info.plist */ = {isa = PBXFileReference; fileEncoding = 4; lastKnownFileType = text.plist.xml; path = "GoogleService-Info.plist"; sourceTree = "<group>"; };
		CAD5D7742824E9C5006F42FF /* ViewSpendingViewController.swift */ = {isa = PBXFileReference; lastKnownFileType = sourcecode.swift; path = ViewSpendingViewController.swift; sourceTree = "<group>"; };
		CAF6F5BC28195A7A001EDECD /* FIT3178 Assignment.app */ = {isa = PBXFileReference; explicitFileType = wrapper.application; includeInIndex = 0; path = "FIT3178 Assignment.app"; sourceTree = BUILT_PRODUCTS_DIR; };
		CAF6F5BF28195A7A001EDECD /* AppDelegate.swift */ = {isa = PBXFileReference; lastKnownFileType = sourcecode.swift; path = AppDelegate.swift; sourceTree = "<group>"; };
		CAF6F5C128195A7A001EDECD /* SceneDelegate.swift */ = {isa = PBXFileReference; lastKnownFileType = sourcecode.swift; path = SceneDelegate.swift; sourceTree = "<group>"; };
		CAF6F5C328195A7A001EDECD /* ViewController.swift */ = {isa = PBXFileReference; lastKnownFileType = sourcecode.swift; path = ViewController.swift; sourceTree = "<group>"; };
		CAF6F5C628195A7A001EDECD /* Base */ = {isa = PBXFileReference; lastKnownFileType = file.storyboard; name = Base; path = Base.lproj/Main.storyboard; sourceTree = "<group>"; };
		CAF6F5C828195A7E001EDECD /* Assets.xcassets */ = {isa = PBXFileReference; lastKnownFileType = folder.assetcatalog; path = Assets.xcassets; sourceTree = "<group>"; };
		CAF6F5CB28195A7E001EDECD /* Base */ = {isa = PBXFileReference; lastKnownFileType = file.storyboard; name = Base; path = Base.lproj/LaunchScreen.storyboard; sourceTree = "<group>"; };
		CAF6F5CD28195A7E001EDECD /* Info.plist */ = {isa = PBXFileReference; lastKnownFileType = text.plist.xml; path = Info.plist; sourceTree = "<group>"; };
/* End PBXFileReference section */

/* Begin PBXFrameworksBuildPhase section */
		CAF6F5B928195A7A001EDECD /* Frameworks */ = {
			isa = PBXFrameworksBuildPhase;
			buildActionMask = 2147483647;
			files = (
			);
			runOnlyForDeploymentPostprocessing = 0;
		};
/* End PBXFrameworksBuildPhase section */

/* Begin PBXGroup section */
		CA0253F528331E2200852649 /* DataModel */ = {
			isa = PBXGroup;
			children = (
				CA2383F62833B00A00EFA840 /* Spending+CoreDataClass.swift */,
				CA2383F72833B00A00EFA840 /* Spending+CoreDataProperties.swift */,
				CA0253F628331E3F00852649 /* App-DataModel.xcdatamodeld */,
			);
			path = DataModel;
			sourceTree = "<group>";
		};
		CA2383FA2833B0E800EFA840 /* Database */ = {
			isa = PBXGroup;
			children = (
				CA2383FB2833B0FF00EFA840 /* MulticastDelegate.swift */,
				CA2383FD2833B12B00EFA840 /* DatabaseProtocol.swift */,
				CA2383FF2833B27200EFA840 /* CoreDataController.swift */,
			);
			path = Database;
			sourceTree = "<group>";
		};
		CAF6F5B328195A79001EDECD = {
			isa = PBXGroup;
			children = (
				CAF6F5BE28195A7A001EDECD /* FIT3178 Assignment */,
				CAF6F5BD28195A7A001EDECD /* Products */,
			);
			sourceTree = "<group>";
		};
		CAF6F5BD28195A7A001EDECD /* Products */ = {
			isa = PBXGroup;
			children = (
				CAF6F5BC28195A7A001EDECD /* FIT3178 Assignment.app */,
			);
			name = Products;
			sourceTree = "<group>";
		};
		CAF6F5BE28195A7A001EDECD /* FIT3178 Assignment */ = {
			isa = PBXGroup;
			children = (
				CA2383FA2833B0E800EFA840 /* Database */,
				CA0253F528331E2200852649 /* DataModel */,
				CAF6F5BF28195A7A001EDECD /* AppDelegate.swift */,
				CAF6F5C128195A7A001EDECD /* SceneDelegate.swift */,
				CAF6F5C328195A7A001EDECD /* ViewController.swift */,
				CAF6F5C528195A7A001EDECD /* Main.storyboard */,
				CAF6F5C828195A7E001EDECD /* Assets.xcassets */,
				CAF6F5CA28195A7E001EDECD /* LaunchScreen.storyboard */,
				CAF6F5CD28195A7E001EDECD /* Info.plist */,
				CA4CB5B8281AEF4600DF04C5 /* HomeViewController.swift */,
				CA4CB5BA281AEF6E00DF04C5 /* AddSpendingViewController.swift */,
				CA4CB5BC281AF09100DF04C5 /* BudgetViewController.swift */,
				CA4CB5BE281AF0A600DF04C5 /* SetBudgetViewController.swift */,
				CA651D3028211E7500E605B8 /* GoogleService-Info.plist */,
				CA2172722823D14E000A520B /* AddSpendingDelegate.swift */,
				CA43CAE12824323C00DDAC11 /* SpendingCountTableViewCell.swift */,
				CAD5D7742824E9C5006F42FF /* ViewSpendingViewController.swift */,
			);
			path = "FIT3178 Assignment";
			sourceTree = "<group>";
		};
/* End PBXGroup section */

/* Begin PBXNativeTarget section */
		CAF6F5BB28195A7A001EDECD /* FIT3178 Assignment */ = {
			isa = PBXNativeTarget;
			buildConfigurationList = CAF6F5D028195A7E001EDECD /* Build configuration list for PBXNativeTarget "FIT3178 Assignment" */;
			buildPhases = (
				CAF6F5B828195A7A001EDECD /* Sources */,
				CAF6F5B928195A7A001EDECD /* Frameworks */,
				CAF6F5BA28195A7A001EDECD /* Resources */,
			);
			buildRules = (
			);
			dependencies = (
			);
			name = "FIT3178 Assignment";
			productName = "FIT3178 Assignment";
			productReference = CAF6F5BC28195A7A001EDECD /* FIT3178 Assignment.app */;
			productType = "com.apple.product-type.application";
		};
/* End PBXNativeTarget section */

/* Begin PBXProject section */
		CAF6F5B428195A79001EDECD /* Project object */ = {
			isa = PBXProject;
			attributes = {
				BuildIndependentTargetsInParallel = 1;
				LastSwiftUpdateCheck = 1320;
				LastUpgradeCheck = 1320;
				TargetAttributes = {
					CAF6F5BB28195A7A001EDECD = {
						CreatedOnToolsVersion = 13.2.1;
					};
				};
			};
			buildConfigurationList = CAF6F5B728195A79001EDECD /* Build configuration list for PBXProject "FIT3178 Assignment" */;
			compatibilityVersion = "Xcode 13.0";
			developmentRegion = en;
			hasScannedForEncodings = 0;
			knownRegions = (
				en,
				Base,
			);
			mainGroup = CAF6F5B328195A79001EDECD;
			packageReferences = (
				CA6379BE2822D2F000ADF8E7 /* XCRemoteSwiftPackageReference "firebase-ios-sdk" */,
			);
			productRefGroup = CAF6F5BD28195A7A001EDECD /* Products */;
			projectDirPath = "";
			projectRoot = "";
			targets = (
				CAF6F5BB28195A7A001EDECD /* FIT3178 Assignment */,
			);
		};
/* End PBXProject section */

/* Begin PBXResourcesBuildPhase section */
		CAF6F5BA28195A7A001EDECD /* Resources */ = {
			isa = PBXResourcesBuildPhase;
			buildActionMask = 2147483647;
			files = (
				CAF6F5CC28195A7E001EDECD /* LaunchScreen.storyboard in Resources */,
				CA651D3128211E7500E605B8 /* GoogleService-Info.plist in Resources */,
				CAF6F5C928195A7E001EDECD /* Assets.xcassets in Resources */,
				CAF6F5C728195A7A001EDECD /* Main.storyboard in Resources */,
			);
			runOnlyForDeploymentPostprocessing = 0;
		};
/* End PBXResourcesBuildPhase section */

/* Begin PBXSourcesBuildPhase section */
		CAF6F5B828195A7A001EDECD /* Sources */ = {
			isa = PBXSourcesBuildPhase;
			buildActionMask = 2147483647;
			files = (
				CAD5D7752824E9C5006F42FF /* ViewSpendingViewController.swift in Sources */,
				CAF6F5C428195A7A001EDECD /* ViewController.swift in Sources */,
				CA4CB5BF281AF0A600DF04C5 /* SetBudgetViewController.swift in Sources */,
				CA4CB5BD281AF09100DF04C5 /* BudgetViewController.swift in Sources */,
				CA2172732823D14E000A520B /* AddSpendingDelegate.swift in Sources */,
				CA4CB5BB281AEF6E00DF04C5 /* AddSpendingViewController.swift in Sources */,
				CAF6F5C028195A7A001EDECD /* AppDelegate.swift in Sources */,
				CA2383F82833B00A00EFA840 /* Spending+CoreDataClass.swift in Sources */,
				CAF6F5C228195A7A001EDECD /* SceneDelegate.swift in Sources */,
				CA2383FC2833B0FF00EFA840 /* MulticastDelegate.swift in Sources */,
				CA2384002833B27200EFA840 /* CoreDataController.swift in Sources */,
				CA43CAE22824323C00DDAC11 /* SpendingCountTableViewCell.swift in Sources */,
				CA2383F92833B00A00EFA840 /* Spending+CoreDataProperties.swift in Sources */,
				CA4CB5B9281AEF4600DF04C5 /* HomeViewController.swift in Sources */,
				CA0253F828331E3F00852649 /* App-DataModel.xcdatamodeld in Sources */,
				CA2383FE2833B12B00EFA840 /* DatabaseProtocol.swift in Sources */,
			);
			runOnlyForDeploymentPostprocessing = 0;
		};
/* End PBXSourcesBuildPhase section */

/* Begin PBXVariantGroup section */
		CAF6F5C528195A7A001EDECD /* Main.storyboard */ = {
			isa = PBXVariantGroup;
			children = (
				CAF6F5C628195A7A001EDECD /* Base */,
			);
			name = Main.storyboard;
			sourceTree = "<group>";
		};
		CAF6F5CA28195A7E001EDECD /* LaunchScreen.storyboard */ = {
			isa = PBXVariantGroup;
			children = (
				CAF6F5CB28195A7E001EDECD /* Base */,
			);
			name = LaunchScreen.storyboard;
			sourceTree = "<group>";
		};
/* End PBXVariantGroup section */

/* Begin XCBuildConfiguration section */
		CAF6F5CE28195A7E001EDECD /* Debug */ = {
			isa = XCBuildConfiguration;
			buildSettings = {
				ALWAYS_SEARCH_USER_PATHS = NO;
				CLANG_ANALYZER_NONNULL = YES;
				CLANG_ANALYZER_NUMBER_OBJECT_CONVERSION = YES_AGGRESSIVE;
				CLANG_CXX_LANGUAGE_STANDARD = "gnu++17";
				CLANG_CXX_LIBRARY = "libc++";
				CLANG_ENABLE_MODULES = YES;
				CLANG_ENABLE_OBJC_ARC = YES;
				CLANG_ENABLE_OBJC_WEAK = YES;
				CLANG_WARN_BLOCK_CAPTURE_AUTORELEASING = YES;
				CLANG_WARN_BOOL_CONVERSION = YES;
				CLANG_WARN_COMMA = YES;
				CLANG_WARN_CONSTANT_CONVERSION = YES;
				CLANG_WARN_DEPRECATED_OBJC_IMPLEMENTATIONS = YES;
				CLANG_WARN_DIRECT_OBJC_ISA_USAGE = YES_ERROR;
				CLANG_WARN_DOCUMENTATION_COMMENTS = YES;
				CLANG_WARN_EMPTY_BODY = YES;
				CLANG_WARN_ENUM_CONVERSION = YES;
				CLANG_WARN_INFINITE_RECURSION = YES;
				CLANG_WARN_INT_CONVERSION = YES;
				CLANG_WARN_NON_LITERAL_NULL_CONVERSION = YES;
				CLANG_WARN_OBJC_IMPLICIT_RETAIN_SELF = YES;
				CLANG_WARN_OBJC_LITERAL_CONVERSION = YES;
				CLANG_WARN_OBJC_ROOT_CLASS = YES_ERROR;
				CLANG_WARN_QUOTED_INCLUDE_IN_FRAMEWORK_HEADER = YES;
				CLANG_WARN_RANGE_LOOP_ANALYSIS = YES;
				CLANG_WARN_STRICT_PROTOTYPES = YES;
				CLANG_WARN_SUSPICIOUS_MOVE = YES;
				CLANG_WARN_UNGUARDED_AVAILABILITY = YES_AGGRESSIVE;
				CLANG_WARN_UNREACHABLE_CODE = YES;
				CLANG_WARN__DUPLICATE_METHOD_MATCH = YES;
				COPY_PHASE_STRIP = NO;
				DEBUG_INFORMATION_FORMAT = dwarf;
				ENABLE_STRICT_OBJC_MSGSEND = YES;
				ENABLE_TESTABILITY = YES;
				GCC_C_LANGUAGE_STANDARD = gnu11;
				GCC_DYNAMIC_NO_PIC = NO;
				GCC_NO_COMMON_BLOCKS = YES;
				GCC_OPTIMIZATION_LEVEL = 0;
				GCC_PREPROCESSOR_DEFINITIONS = (
					"DEBUG=1",
					"$(inherited)",
				);
				GCC_WARN_64_TO_32_BIT_CONVERSION = YES;
				GCC_WARN_ABOUT_RETURN_TYPE = YES_ERROR;
				GCC_WARN_UNDECLARED_SELECTOR = YES;
				GCC_WARN_UNINITIALIZED_AUTOS = YES_AGGRESSIVE;
				GCC_WARN_UNUSED_FUNCTION = YES;
				GCC_WARN_UNUSED_VARIABLE = YES;
				IPHONEOS_DEPLOYMENT_TARGET = 15.2;
				MTL_ENABLE_DEBUG_INFO = INCLUDE_SOURCE;
				MTL_FAST_MATH = YES;
				ONLY_ACTIVE_ARCH = YES;
				SDKROOT = iphoneos;
				SWIFT_ACTIVE_COMPILATION_CONDITIONS = DEBUG;
				SWIFT_OPTIMIZATION_LEVEL = "-Onone";
			};
			name = Debug;
		};
		CAF6F5CF28195A7E001EDECD /* Release */ = {
			isa = XCBuildConfiguration;
			buildSettings = {
				ALWAYS_SEARCH_USER_PATHS = NO;
				CLANG_ANALYZER_NONNULL = YES;
				CLANG_ANALYZER_NUMBER_OBJECT_CONVERSION = YES_AGGRESSIVE;
				CLANG_CXX_LANGUAGE_STANDARD = "gnu++17";
				CLANG_CXX_LIBRARY = "libc++";
				CLANG_ENABLE_MODULES = YES;
				CLANG_ENABLE_OBJC_ARC = YES;
				CLANG_ENABLE_OBJC_WEAK = YES;
				CLANG_WARN_BLOCK_CAPTURE_AUTORELEASING = YES;
				CLANG_WARN_BOOL_CONVERSION = YES;
				CLANG_WARN_COMMA = YES;
				CLANG_WARN_CONSTANT_CONVERSION = YES;
				CLANG_WARN_DEPRECATED_OBJC_IMPLEMENTATIONS = YES;
				CLANG_WARN_DIRECT_OBJC_ISA_USAGE = YES_ERROR;
				CLANG_WARN_DOCUMENTATION_COMMENTS = YES;
				CLANG_WARN_EMPTY_BODY = YES;
				CLANG_WARN_ENUM_CONVERSION = YES;
				CLANG_WARN_INFINITE_RECURSION = YES;
				CLANG_WARN_INT_CONVERSION = YES;
				CLANG_WARN_NON_LITERAL_NULL_CONVERSION = YES;
				CLANG_WARN_OBJC_IMPLICIT_RETAIN_SELF = YES;
				CLANG_WARN_OBJC_LITERAL_CONVERSION = YES;
				CLANG_WARN_OBJC_ROOT_CLASS = YES_ERROR;
				CLANG_WARN_QUOTED_INCLUDE_IN_FRAMEWORK_HEADER = YES;
				CLANG_WARN_RANGE_LOOP_ANALYSIS = YES;
				CLANG_WARN_STRICT_PROTOTYPES = YES;
				CLANG_WARN_SUSPICIOUS_MOVE = YES;
				CLANG_WARN_UNGUARDED_AVAILABILITY = YES_AGGRESSIVE;
				CLANG_WARN_UNREACHABLE_CODE = YES;
				CLANG_WARN__DUPLICATE_METHOD_MATCH = YES;
				COPY_PHASE_STRIP = NO;
				DEBUG_INFORMATION_FORMAT = "dwarf-with-dsym";
				ENABLE_NS_ASSERTIONS = NO;
				ENABLE_STRICT_OBJC_MSGSEND = YES;
				GCC_C_LANGUAGE_STANDARD = gnu11;
				GCC_NO_COMMON_BLOCKS = YES;
				GCC_WARN_64_TO_32_BIT_CONVERSION = YES;
				GCC_WARN_ABOUT_RETURN_TYPE = YES_ERROR;
				GCC_WARN_UNDECLARED_SELECTOR = YES;
				GCC_WARN_UNINITIALIZED_AUTOS = YES_AGGRESSIVE;
				GCC_WARN_UNUSED_FUNCTION = YES;
				GCC_WARN_UNUSED_VARIABLE = YES;
				IPHONEOS_DEPLOYMENT_TARGET = 15.2;
				MTL_ENABLE_DEBUG_INFO = NO;
				MTL_FAST_MATH = YES;
				SDKROOT = iphoneos;
				SWIFT_COMPILATION_MODE = wholemodule;
				SWIFT_OPTIMIZATION_LEVEL = "-O";
				VALIDATE_PRODUCT = YES;
			};
			name = Release;
		};
		CAF6F5D128195A7E001EDECD /* Debug */ = {
			isa = XCBuildConfiguration;
			buildSettings = {
				ASSETCATALOG_COMPILER_APPICON_NAME = AppIcon;
				ASSETCATALOG_COMPILER_GLOBAL_ACCENT_COLOR_NAME = AccentColor;
				CODE_SIGN_STYLE = Automatic;
				CURRENT_PROJECT_VERSION = 1;
				GENERATE_INFOPLIST_FILE = YES;
				INFOPLIST_FILE = "FIT3178 Assignment/Info.plist";
				INFOPLIST_KEY_UIApplicationSupportsIndirectInputEvents = YES;
				INFOPLIST_KEY_UILaunchStoryboardName = LaunchScreen;
				INFOPLIST_KEY_UIMainStoryboardFile = Main;
				INFOPLIST_KEY_UISupportedInterfaceOrientations_iPad = "UIInterfaceOrientationPortrait UIInterfaceOrientationPortraitUpsideDown UIInterfaceOrientationLandscapeLeft UIInterfaceOrientationLandscapeRight";
				INFOPLIST_KEY_UISupportedInterfaceOrientations_iPhone = "UIInterfaceOrientationPortrait UIInterfaceOrientationLandscapeLeft UIInterfaceOrientationLandscapeRight";
				LD_RUNPATH_SEARCH_PATHS = (
					"$(inherited)",
					"@executable_path/Frameworks",
				);
				MARKETING_VERSION = 1.0;
				PRODUCT_BUNDLE_IDENTIFIER = "edu.monash.FIT3178-Assignment";
				PRODUCT_NAME = "$(TARGET_NAME)";
				SWIFT_EMIT_LOC_STRINGS = YES;
				SWIFT_VERSION = 5.0;
				TARGETED_DEVICE_FAMILY = "1,2";
			};
			name = Debug;
		};
		CAF6F5D228195A7E001EDECD /* Release */ = {
			isa = XCBuildConfiguration;
			buildSettings = {
				ASSETCATALOG_COMPILER_APPICON_NAME = AppIcon;
				ASSETCATALOG_COMPILER_GLOBAL_ACCENT_COLOR_NAME = AccentColor;
				CODE_SIGN_STYLE = Automatic;
				CURRENT_PROJECT_VERSION = 1;
				GENERATE_INFOPLIST_FILE = YES;
				INFOPLIST_FILE = "FIT3178 Assignment/Info.plist";
				INFOPLIST_KEY_UIApplicationSupportsIndirectInputEvents = YES;
				INFOPLIST_KEY_UILaunchStoryboardName = LaunchScreen;
				INFOPLIST_KEY_UIMainStoryboardFile = Main;
				INFOPLIST_KEY_UISupportedInterfaceOrientations_iPad = "UIInterfaceOrientationPortrait UIInterfaceOrientationPortraitUpsideDown UIInterfaceOrientationLandscapeLeft UIInterfaceOrientationLandscapeRight";
				INFOPLIST_KEY_UISupportedInterfaceOrientations_iPhone = "UIInterfaceOrientationPortrait UIInterfaceOrientationLandscapeLeft UIInterfaceOrientationLandscapeRight";
				LD_RUNPATH_SEARCH_PATHS = (
					"$(inherited)",
					"@executable_path/Frameworks",
				);
				MARKETING_VERSION = 1.0;
				PRODUCT_BUNDLE_IDENTIFIER = "edu.monash.FIT3178-Assignment";
				PRODUCT_NAME = "$(TARGET_NAME)";
				SWIFT_EMIT_LOC_STRINGS = YES;
				SWIFT_VERSION = 5.0;
				TARGETED_DEVICE_FAMILY = "1,2";
			};
			name = Release;
		};
/* End XCBuildConfiguration section */

/* Begin XCConfigurationList section */
		CAF6F5B728195A79001EDECD /* Build configuration list for PBXProject "FIT3178 Assignment" */ = {
			isa = XCConfigurationList;
			buildConfigurations = (
				CAF6F5CE28195A7E001EDECD /* Debug */,
				CAF6F5CF28195A7E001EDECD /* Release */,
			);
			defaultConfigurationIsVisible = 0;
			defaultConfigurationName = Release;
		};
		CAF6F5D028195A7E001EDECD /* Build configuration list for PBXNativeTarget "FIT3178 Assignment" */ = {
			isa = XCConfigurationList;
			buildConfigurations = (
				CAF6F5D128195A7E001EDECD /* Debug */,
				CAF6F5D228195A7E001EDECD /* Release */,
			);
			defaultConfigurationIsVisible = 0;
			defaultConfigurationName = Release;
		};
/* End XCConfigurationList section */

/* Begin XCRemoteSwiftPackageReference section */
		CA6379BE2822D2F000ADF8E7 /* XCRemoteSwiftPackageReference "firebase-ios-sdk" */ = {
			isa = XCRemoteSwiftPackageReference;
			repositoryURL = "https://github.com/firebase/firebase-ios-sdk";
			requirement = {
				branch = master;
				kind = branch;
			};
		};
/* End XCRemoteSwiftPackageReference section */

/* Begin XCVersionGroup section */
		CA0253F628331E3F00852649 /* App-DataModel.xcdatamodeld */ = {
			isa = XCVersionGroup;
			children = (
				CA0253F728331E3F00852649 /* App-DataModel.xcdatamodel */,
			);
			currentVersion = CA0253F728331E3F00852649 /* App-DataModel.xcdatamodel */;
			path = "App-DataModel.xcdatamodeld";
			sourceTree = "<group>";
			versionGroupType = wrapper.xcdatamodel;
		};
/* End XCVersionGroup section */
	};
	rootObject = CAF6F5B428195A79001EDECD /* Project object */;
}
